# THIS IS AN AUTOGENERATED FILE. DO NOT EDIT THIS FILE DIRECTLY.
# yarn lockfile v1


flow-bin@^0.157.0:
  version "0.157.0"
  resolved "https://registry.yarnpkg.com/flow-bin/-/flow-bin-0.157.0.tgz#3164b39e17e1a1695d2ace5d4e8d3088bebb3e19"
  integrity sha512-SP70r4iBb4a+0NZV1+MtAJYZXGoFp1XvfjirNyeuJiGIXtllHcmJlJWyU1wJQ/fXSFUwY7CcnBNK8cd8PyuP9Q==
